<?xml version="1.0" encoding="utf-8"?>
<Project ToolsVersion="4.0" xmlns="http://schemas.microsoft.com/developer/msbuild/2003">
  <ItemGroup>
    <Filter Include="Source Files">
      <UniqueIdentifier>{4FC737F1-C7A5-4376-A066-2A32D752A2FF}</UniqueIdentifier>
      <Extensions>cpp;c;cc;cxx;def;odl;idl;hpj;bat;asm;asmx</Extensions>
    </Filter>
    <Filter Include="Header Files">
      <UniqueIdentifier>{93995380-89BD-4b04-88EB-625FBE52EBFB}</UniqueIdentifier>
      <Extensions>h;hh;hpp;hxx;hm;inl;inc;ipp;xsd</Extensions>
    </Filter>
    <Filter Include="Resource Files">
      <UniqueIdentifier>{67DA6AB6-F800-4c08-8B7A-83BB121AAD01}</UniqueIdentifier>
      <Extensions>rc;ico;cur;bmp;dlg;rc2;rct;bin;rgs;gif;jpg;jpeg;jpe;resx;tiff;tif;png;wav;mfcribbon-ms</Extensions>
    </Filter>
    <Filter Include="Header Files\BackendDx9">
      <UniqueIdentifier>{0e77ffd9-b23e-4b9e-b1ea-e6e07c2b733a}</UniqueIdentifier>
    </Filter>
    <Filter Include="Source Files\BackendDx9">
      <UniqueIdentifier>{208095e5-083e-4061-b218-70c21a98f37d}</UniqueIdentifier>
    </Filter>
    <Filter Include="Source Files\clip">
      <UniqueIdentifier>{3de12c54-547c-4c42-8d0c-2705b377a1bf}</UniqueIdentifier>
    </Filter>
    <Filter Include="Header Files\clip">
      <UniqueIdentifier>{ab006068-9ddf-4d96-ab7a-5c1e41b87328}</UniqueIdentifier>
    </Filter>
  </ItemGroup>
  <ItemGroup>
    <ClCompile Include="agsimgui.cpp">
      <Filter>Source Files</Filter>
    </ClCompile>
    <ClCompile Include="AgsImGuiStyle.cpp">
      <Filter>Source Files</Filter>
    </ClCompile>
    <ClCompile Include="AgsImVec2.cpp">
      <Filter>Source Files</Filter>
    </ClCompile>
    <ClCompile Include="AgsImVec4.cpp">
      <Filter>Source Files</Filter>
    </ClCompile>
    <ClCompile Include="SerialHelper.cpp">
      <Filter>Source Files</Filter>
    </ClCompile>
    <ClCompile Include="imgui\imgui.cpp">
      <Filter>Source Files</Filter>
    </ClCompile>
    <ClCompile Include="imgui\imgui_draw.cpp">
      <Filter>Source Files</Filter>
    </ClCompile>
    <ClCompile Include="imgui\imgui_widgets.cpp">
      <Filter>Source Files</Filter>
    </ClCompile>
    <ClCompile Include="imgui\imgui_demo.cpp">
      <Filter>Source Files</Filter>
    </ClCompile>
    <ClCompile Include="imgui\examples\imgui_impl_softraster.cpp">
      <Filter>Source Files</Filter>
    </ClCompile>
    <ClCompile Include="imgui\misc\cpp\imgui_stdlib.cpp">
      <Filter>Source Files</Filter>
    </ClCompile>
    <ClCompile Include="imgui\examples\imgui_impl_dx9.cpp">
      <Filter>Source Files\BackendDx9</Filter>
    </ClCompile>
    <ClCompile Include="Screen.cpp">
      <Filter>Source Files</Filter>
    </ClCompile>
    <ClCompile Include="libs\clip\clip.cpp">
      <Filter>Source Files\clip</Filter>
    </ClCompile>
    <ClCompile Include="libs\clip\clip_win.cpp">
      <Filter>Source Files\clip</Filter>
    </ClCompile>
    <ClCompile Include="libs\clip\image.cpp">
      <Filter>Source Files\clip</Filter>
    </ClCompile>
    <ClCompile Include="imgui\imgui_tables.cpp">
      <Filter>Source Files</Filter>
    </ClCompile>
  </ItemGroup>
  <ItemGroup>
    <ClInclude Include="agsimgui.h">
      <Filter>Header Files</Filter>
    </ClInclude>
    <ClInclude Include="AgsImGuiStyle.h">
      <Filter>Header Files</Filter>
    </ClInclude>
    <ClInclude Include="AgsImVec2.h">
      <Filter>Header Files</Filter>
    </ClInclude>
    <ClInclude Include="AgsImVec4.h">
      <Filter>Header Files</Filter>
    </ClInclude>
    <ClInclude Include="SerialHelper.h">
      <Filter>Header Files</Filter>
    </ClInclude>
    <ClInclude Include="imgui\imgui.h">
      <Filter>Header Files</Filter>
    </ClInclude>
    <ClInclude Include="imgui\imconfig.h">
      <Filter>Header Files</Filter>
    </ClInclude>
    <ClInclude Include="imgui\misc\softraster\texture.h">
      <Filter>Header Files</Filter>
    </ClInclude>
    <ClInclude Include="imgui\misc\softraster\softraster.h">
      <Filter>Header Files</Filter>
    </ClInclude>
    <ClInclude Include="imgui\examples\imgui_impl_softraster.h">
      <Filter>Header Files</Filter>
    </ClInclude>
    <ClInclude Include="imgui\misc\cpp\imgui_stdlib.h">
      <Filter>Header Files</Filter>
    </ClInclude>
    <ClInclude Include="imgui\examples\imgui_impl_dx9.h">
      <Filter>Header Files\BackendDx9</Filter>
    </ClInclude>
    <ClInclude Include="Screen.h">
      <Filter>Header Files</Filter>
    </ClInclude>
    <ClInclude Include="libs\clip\clip.h">
      <Filter>Header Files\clip</Filter>
    </ClInclude>
    <ClInclude Include="libs\clip\clip_lock_impl.h">
      <Filter>Header Files\clip</Filter>
    </ClInclude>
    <ClInclude Include="libs\clip\clip_x11_png.h">
      <Filter>Header Files\clip</Filter>
    </ClInclude>
  </ItemGroup>
  <ItemGroup>
    <None Include="..\README.md" />
    <None Include="imgui\misc\natvis\imgui.natvis" />
  </ItemGroup>
</Project>